
Microsoft Visual Studio Solution File, Format Version 12.00
# Visual Studio Version 16
VisualStudioVersion = 16.0.29806.167
MinimumVisualStudioVersion = 10.0.40219.1
Project("{8BC9CEB8-8B4A-11D0-8D11-00A0C91BC942}") = "InlezenJson", "InlezenJson\InlezenJson.vcxproj", "{E96413E7-771D-468C-9AF3-93ACDB50B763}"
EndProject
Global
	GlobalSection(SolutionConfigurationPlatforms) = preSolution
		Debug|x64 = Debug|x64
		Debug|x86 = Debug|x86
		Release|x64 = Release|x64
		Release|x86 = Release|x86
	EndGlobalSection
	GlobalSection(ProjectConfigurationPlatforms) = postSolution
		{E96413E7-771D-468C-9AF3-93ACDB50B763}.Debug|x64.ActiveCfg = Debug|x64
		{E96413E7-771D-468C-9AF3-93ACDB50B763}.Debug|x64.Build.0 = Debug|x64
		{E96413E7-771D-468C-9AF3-93ACDB50B763}.Debug|x86.ActiveCfg = Debug|Win32
		{E96413E7-771D-468C-9AF3-93ACDB50B763}.Debug|x86.Build.0 = Debug|Win32
		{E96413E7-771D-468C-9AF3-93ACDB50B763}.Release|x64.ActiveCfg = Release|x64
		{E96413E7-771D-468C-9AF3-93ACDB50B763}.Release|x64.Build.0 = Release|x64
		{E96413E7-771D-468C-9AF3-93ACDB50B763}.Release|x86.ActiveCfg = Release|Win32
		{E96413E7-771D-468C-9AF3-93ACDB50B763}.Release|x86.Build.0 = Release|Win32
	EndGlobalSection
	GlobalSection(SolutionProperties) = preSolution
		HideSolutionNode = FALSE
	EndGlobalSection
	GlobalSection(ExtensibilityGlobals) = postSolution
		SolutionGuid = {5E91F149-83CD-48CD-928E-E62F75E4CA99}
	EndGlobalSection
EndGlobal
